
Microsoft Visual Studio Solution File, Format Version 12.00
# Visual Studio Version 17
VisualStudioVersion = 17.13.35828.75 d17.13
MinimumVisualStudioVersion = 10.0.40219.1
Project("{FAE04EC0-301F-11D3-BF4B-00C04F79EFBC}") = "CM19OOP_Matematik", "CM19OOP_Matematik\CM19OOP_Matematik.csproj", "{C063E5B1-517B-4BD5-851D-7EA664E96375}"
EndProject
Global
	GlobalSection(SolutionConfigurationPlatforms) = preSolution
		Debug|Any CPU = Debug|Any CPU
		Release|Any CPU = Release|Any CPU
	EndGlobalSection
	GlobalSection(ProjectConfigurationPlatforms) = postSolution
		{C063E5B1-517B-4BD5-851D-7EA664E96375}.Debug|Any CPU.ActiveCfg = Debug|Any CPU
		{C063E5B1-517B-4BD5-851D-7EA664E96375}.Debug|Any CPU.Build.0 = Debug|Any CPU
		{C063E5B1-517B-4BD5-851D-7EA664E96375}.Release|Any CPU.ActiveCfg = Release|Any CPU
		{C063E5B1-517B-4BD5-851D-7EA664E96375}.Release|Any CPU.Build.0 = Release|Any CPU
	EndGlobalSection
	GlobalSection(SolutionProperties) = preSolution
		HideSolutionNode = FALSE
	EndGlobalSection
	GlobalSection(ExtensibilityGlobals) = postSolution
		SolutionGuid = {A53A32BA-CCAE-42C4-8E3C-AFD57CF19AAE}
	EndGlobalSection
EndGlobal
